{
  "name": "node",
  "version": "1.0.0",
  "lockfileVersion": 2,
  "requires": true,
  "packages": {
    "": {
      "dependencies": {
        "@ppzp/type": "^0.0.1"
      }
    },
    "node_modules/@ppzp/type": {
      "version": "0.0.1",
      "resolved": "https://registry.npmjs.org/@ppzp/type/-/type-0.0.1.tgz",
      "integrity": "sha512-Cs8ieAmUPMBC0eypSvd5Dz/8th60LijNAEowvE/atdSUjZoZ8mVgglHx+UZG1p7ItKjYOYegYOvGbXQaO4l94w=="
    }
  },
  "dependencies": {
    "@ppzp/type": {
      "version": "0.0.1",
      "resolved": "https://registry.npmjs.org/@ppzp/type/-/type-0.0.1.tgz",
      "integrity": "sha512-Cs8ieAmUPMBC0eypSvd5Dz/8th60LijNAEowvE/atdSUjZoZ8mVgglHx+UZG1p7ItKjYOYegYOvGbXQaO4l94w=="
    }
  }
}
