{
  "name": "node",
  "lockfileVersion": 2,
  "requires": true,
  "packages": {
    "": {
      "dependencies": {
        "@ppzp/type": "^0.0.2"
      }
    },
    "node_modules/@ppzp/type": {
      "version": "0.0.2",
      "resolved": "https://registry.npmjs.org/@ppzp/type/-/type-0.0.2.tgz",
      "integrity": "sha512-6KLL4NN6Tf8eM0YEEjxImwBc27er0xOgAYu/sJKv14wMY8aj2BhaCVspVpwfduSVARIza0cqyD3yZ1IbklY5MQ=="
    }
  },
  "dependencies": {
    "@ppzp/type": {
      "version": "0.0.2",
      "resolved": "https://registry.npmjs.org/@ppzp/type/-/type-0.0.2.tgz",
      "integrity": "sha512-6KLL4NN6Tf8eM0YEEjxImwBc27er0xOgAYu/sJKv14wMY8aj2BhaCVspVpwfduSVARIza0cqyD3yZ1IbklY5MQ=="
    }
  }
}
